{
  "version": 4,
  "terraform_version": "0.14.8",
  "serial": 5,
  "lineage": "06e95895-ee99-c878-61a7-10d7d62169c7",
  "outputs": {},
  "resources": [
    {
      "mode": "managed",
      "type": "azurerm_app_service_plan",
      "name": "example",
      "provider": "provider[\"registry.terraform.io/hashicorp/azurerm\"]",
      "instances": [
        {
          "schema_version": 0,
          "attributes": {
            "app_service_environment_id": "",
            "id": "/subscriptions/d10f1412-44d2-4a88-9740-aa87e164b172/resourceGroups/azure-functions-seandemo/providers/Microsoft.Web/serverfarms/azure-functions-seandemo-service-plan",
            "is_xenon": false,
            "kind": "functionapp",
            "location": "eastus2",
            "maximum_elastic_worker_count": 1,
            "maximum_number_of_workers": 0,
            "name": "azure-functions-seandemo-service-plan",
            "per_site_scaling": false,
            "reserved": false,
            "resource_group_name": "azure-functions-seandemo",
            "sku": [
              {
                "capacity": 0,
                "size": "Y1",
                "tier": "Dynamic"
              }
            ],
            "tags": null,
            "timeouts": null
          },
          "sensitive_attributes": [],
          "private": "eyJlMmJmYjczMC1lY2FhLTExZTYtOGY4OC0zNDM2M2JjN2M0YzAiOnsiY3JlYXRlIjozNjAwMDAwMDAwMDAwLCJkZWxldGUiOjM2MDAwMDAwMDAwMDAsInJlYWQiOjMwMDAwMDAwMDAwMCwidXBkYXRlIjozNjAwMDAwMDAwMDAwfX0=",
          "dependencies": [
            "azurerm_resource_group.example"
          ]
        }
      ]
    },
    {
      "mode": "managed",
      "type": "azurerm_function_app",
      "name": "example",
      "provider": "provider[\"registry.terraform.io/hashicorp/azurerm\"]",
      "instances": [
        {
          "schema_version": 0,
          "attributes": {
            "app_service_plan_id": "/subscriptions/d10f1412-44d2-4a88-9740-aa87e164b172/resourceGroups/azure-functions-seandemo/providers/Microsoft.Web/serverfarms/azure-functions-seandemo-service-plan",
            "app_settings": {},
            "auth_settings": [
              {
                "active_directory": [],
                "additional_login_params": {},
                "allowed_external_redirect_urls": [],
                "default_provider": "",
                "enabled": false,
                "facebook": [],
                "google": [],
                "issuer": "",
                "microsoft": [],
                "runtime_version": "",
                "token_refresh_extension_hours": 0,
                "token_store_enabled": false,
                "twitter": [],
                "unauthenticated_client_action": ""
              }
            ],
            "client_affinity_enabled": false,
            "connection_string": [],
            "custom_domain_verification_id": "7CCBEB193FB6F0930127174D9E26C778B0038044F7DCD1DF8361552ABE74294C",
            "daily_memory_time_quota": 0,
            "default_hostname": "azure-functions-seandemo.azurewebsites.net",
            "enable_builtin_logging": true,
            "enabled": true,
            "https_only": false,
            "id": "/subscriptions/d10f1412-44d2-4a88-9740-aa87e164b172/resourceGroups/azure-functions-seandemo/providers/Microsoft.Web/sites/azure-functions-seandemo",
            "identity": [],
            "kind": "functionapp",
            "location": "eastus2",
            "name": "azure-functions-seandemo",
            "os_type": "",
            "outbound_ip_addresses": "52.167.190.148,52.177.87.114,52.184.238.224,52.184.238.233,52.242.111.244,52.254.40.37,20.49.97.13",
            "possible_outbound_ip_addresses": "52.167.190.148,52.177.87.114,52.184.238.224,52.184.238.233,52.242.111.244,52.254.40.37,52.254.40.143,52.254.41.17,52.254.41.72,52.254.41.174,52.254.41.211,52.254.41.220,52.254.42.16,52.254.42.19,52.254.42.76,52.254.42.150,52.254.43.122,52.254.43.192,52.254.43.245,52.254.44.81,52.254.44.93,52.254.44.148,52.254.44.153,52.254.44.176,52.254.44.196,52.254.44.217,52.254.44.220,52.254.44.245,52.254.45.2,52.254.45.16,20.49.97.13",
            "resource_group_name": "azure-functions-seandemo",
            "site_config": [
              {
                "always_on": false,
                "auto_swap_slot_name": "",
                "cors": [
                  {
                    "allowed_origins": [
                      "https://functions-next.azure.com",
                      "https://functions-staging.azure.com",
                      "https://functions.azure.com"
                    ],
                    "support_credentials": false
                  }
                ],
                "ftps_state": "AllAllowed",
                "health_check_path": "",
                "http2_enabled": false,
                "ip_restriction": [],
                "linux_fx_version": "",
                "min_tls_version": "1.2",
                "pre_warmed_instance_count": 0,
                "scm_ip_restriction": [],
                "scm_type": "None",
                "scm_use_main_ip_restriction": false,
                "use_32_bit_worker_process": true,
                "websockets_enabled": false
              }
            ],
            "site_credential": [
              {
                "password": "wFNsYir08hehjrhiWLdws106exY88F9aPajZnFbi5tiaaovQC63Yeo5BnqWu",
                "username": "$azure-functions-seandemo"
              }
            ],
            "source_control": [
              {
                "branch": "master",
                "manual_integration": false,
                "repo_url": "",
                "rollback_enabled": false,
                "use_mercurial": false
              }
            ],
            "storage_account_access_key": "N39Av1bQNf1W2yd4HKqdVdYg1Y+ywJI6bjPg/K6q9FA6+M3oPx/yEj/bvFJrpDzUNGEvWJeZ4Bx9xZO6qJ+cKw==",
            "storage_account_name": "functionsappseandemo",
            "storage_connection_string": "DefaultEndpointsProtocol=https;AccountName=functionsappseandemo;AccountKey=N39Av1bQNf1W2yd4HKqdVdYg1Y+ywJI6bjPg/K6q9FA6+M3oPx/yEj/bvFJrpDzUNGEvWJeZ4Bx9xZO6qJ+cKw==;EndpointSuffix=core.windows.net",
            "tags": null,
            "timeouts": null,
            "version": "~1"
          },
          "sensitive_attributes": [],
          "private": "eyJlMmJmYjczMC1lY2FhLTExZTYtOGY4OC0zNDM2M2JjN2M0YzAiOnsiY3JlYXRlIjoxODAwMDAwMDAwMDAwLCJkZWxldGUiOjE4MDAwMDAwMDAwMDAsInJlYWQiOjMwMDAwMDAwMDAwMCwidXBkYXRlIjoxODAwMDAwMDAwMDAwfX0=",
          "dependencies": [
            "azurerm_app_service_plan.example",
            "azurerm_resource_group.example",
            "azurerm_storage_account.example"
          ]
        }
      ]
    },
    {
      "mode": "managed",
      "type": "azurerm_resource_group",
      "name": "example",
      "provider": "provider[\"registry.terraform.io/hashicorp/azurerm\"]",
      "instances": [
        {
          "schema_version": 0,
          "attributes": {
            "id": "/subscriptions/d10f1412-44d2-4a88-9740-aa87e164b172/resourceGroups/azure-functions-seandemo",
            "location": "eastus2",
            "name": "azure-functions-seandemo",
            "tags": null,
            "timeouts": null
          },
          "sensitive_attributes": [],
          "private": "eyJlMmJmYjczMC1lY2FhLTExZTYtOGY4OC0zNDM2M2JjN2M0YzAiOnsiY3JlYXRlIjo1NDAwMDAwMDAwMDAwLCJkZWxldGUiOjU0MDAwMDAwMDAwMDAsInJlYWQiOjMwMDAwMDAwMDAwMCwidXBkYXRlIjo1NDAwMDAwMDAwMDAwfX0="
        }
      ]
    },
    {
      "mode": "managed",
      "type": "azurerm_storage_account",
      "name": "example",
      "provider": "provider[\"registry.terraform.io/hashicorp/azurerm\"]",
      "instances": [
        {
          "schema_version": 2,
          "attributes": {
            "access_tier": "Hot",
            "account_kind": "StorageV2",
            "account_replication_type": "LRS",
            "account_tier": "Standard",
            "allow_blob_public_access": false,
            "blob_properties": [],
            "custom_domain": [],
            "enable_https_traffic_only": true,
            "id": "/subscriptions/d10f1412-44d2-4a88-9740-aa87e164b172/resourceGroups/azure-functions-seandemo/providers/Microsoft.Storage/storageAccounts/functionsappseandemo",
            "identity": [],
            "is_hns_enabled": false,
            "large_file_share_enabled": null,
            "location": "eastus2",
            "min_tls_version": "TLS1_0",
            "name": "functionsappseandemo",
            "network_rules": [
              {
                "bypass": [
                  "AzureServices"
                ],
                "default_action": "Allow",
                "ip_rules": [],
                "virtual_network_subnet_ids": []
              }
            ],
            "primary_access_key": "N39Av1bQNf1W2yd4HKqdVdYg1Y+ywJI6bjPg/K6q9FA6+M3oPx/yEj/bvFJrpDzUNGEvWJeZ4Bx9xZO6qJ+cKw==",
            "primary_blob_connection_string": "DefaultEndpointsProtocol=https;BlobEndpoint=https://functionsappseandemo.blob.core.windows.net/;AccountName=functionsappseandemo;AccountKey=N39Av1bQNf1W2yd4HKqdVdYg1Y+ywJI6bjPg/K6q9FA6+M3oPx/yEj/bvFJrpDzUNGEvWJeZ4Bx9xZO6qJ+cKw==",
            "primary_blob_endpoint": "https://functionsappseandemo.blob.core.windows.net/",
            "primary_blob_host": "functionsappseandemo.blob.core.windows.net",
            "primary_connection_string": "DefaultEndpointsProtocol=https;AccountName=functionsappseandemo;AccountKey=N39Av1bQNf1W2yd4HKqdVdYg1Y+ywJI6bjPg/K6q9FA6+M3oPx/yEj/bvFJrpDzUNGEvWJeZ4Bx9xZO6qJ+cKw==;EndpointSuffix=core.windows.net",
            "primary_dfs_endpoint": "https://functionsappseandemo.dfs.core.windows.net/",
            "primary_dfs_host": "functionsappseandemo.dfs.core.windows.net",
            "primary_file_endpoint": "https://functionsappseandemo.file.core.windows.net/",
            "primary_file_host": "functionsappseandemo.file.core.windows.net",
            "primary_location": "eastus2",
            "primary_queue_endpoint": "https://functionsappseandemo.queue.core.windows.net/",
            "primary_queue_host": "functionsappseandemo.queue.core.windows.net",
            "primary_table_endpoint": "https://functionsappseandemo.table.core.windows.net/",
            "primary_table_host": "functionsappseandemo.table.core.windows.net",
            "primary_web_endpoint": "https://functionsappseandemo.z20.web.core.windows.net/",
            "primary_web_host": "functionsappseandemo.z20.web.core.windows.net",
            "queue_properties": [
              {
                "cors_rule": [],
                "hour_metrics": [
                  {
                    "enabled": true,
                    "include_apis": true,
                    "retention_policy_days": 7,
                    "version": "1.0"
                  }
                ],
                "logging": [
                  {
                    "delete": false,
                    "read": false,
                    "retention_policy_days": 0,
                    "version": "1.0",
                    "write": false
                  }
                ],
                "minute_metrics": [
                  {
                    "enabled": false,
                    "include_apis": false,
                    "retention_policy_days": 0,
                    "version": "1.0"
                  }
                ]
              }
            ],
            "resource_group_name": "azure-functions-seandemo",
            "secondary_access_key": "uxEESIwJFavNWj0CgSaNmaF/dq7oLv2r1E2cSMPIPN3IDY9uk4GmmgvZSNMvlHxxhvr26blud0VfUSMO9E6GLw==",
            "secondary_blob_connection_string": "",
            "secondary_blob_endpoint": null,
            "secondary_blob_host": null,
            "secondary_connection_string": "DefaultEndpointsProtocol=https;AccountName=functionsappseandemo;AccountKey=uxEESIwJFavNWj0CgSaNmaF/dq7oLv2r1E2cSMPIPN3IDY9uk4GmmgvZSNMvlHxxhvr26blud0VfUSMO9E6GLw==;EndpointSuffix=core.windows.net",
            "secondary_dfs_endpoint": null,
            "secondary_dfs_host": null,
            "secondary_file_endpoint": null,
            "secondary_file_host": null,
            "secondary_location": "",
            "secondary_queue_endpoint": null,
            "secondary_queue_host": null,
            "secondary_table_endpoint": null,
            "secondary_table_host": null,
            "secondary_web_endpoint": null,
            "secondary_web_host": null,
            "static_website": [],
            "tags": null,
            "timeouts": null
          },
          "sensitive_attributes": [],
          "private": "eyJlMmJmYjczMC1lY2FhLTExZTYtOGY4OC0zNDM2M2JjN2M0YzAiOnsiY3JlYXRlIjozNjAwMDAwMDAwMDAwLCJkZWxldGUiOjM2MDAwMDAwMDAwMDAsInJlYWQiOjMwMDAwMDAwMDAwMCwidXBkYXRlIjozNjAwMDAwMDAwMDAwfSwic2NoZW1hX3ZlcnNpb24iOiIyIn0=",
          "dependencies": [
            "azurerm_resource_group.example"
          ]
        }
      ]
    }
  ]
}
